
Microsoft Visual Studio Solution File, Format Version 12.00
# Visual Studio 2012
Project("{8BC9CEB8-8B4A-11D0-8D11-00A0C91BC942}") = "Pro344", "Pro344\Pro344.vcxproj", "{EF2D1D8E-4AD9-44FD-9BBC-3E222908F489}"
EndProject
Global
	GlobalSection(SolutionConfigurationPlatforms) = preSolution
		Debug|Win32 = Debug|Win32
		Release|Win32 = Release|Win32
	EndGlobalSection
	GlobalSection(ProjectConfigurationPlatforms) = postSolution
		{EF2D1D8E-4AD9-44FD-9BBC-3E222908F489}.Debug|Win32.ActiveCfg = Debug|Win32
		{EF2D1D8E-4AD9-44FD-9BBC-3E222908F489}.Debug|Win32.Build.0 = Debug|Win32
		{EF2D1D8E-4AD9-44FD-9BBC-3E222908F489}.Release|Win32.ActiveCfg = Release|Win32
		{EF2D1D8E-4AD9-44FD-9BBC-3E222908F489}.Release|Win32.Build.0 = Release|Win32
	EndGlobalSection
	GlobalSection(SolutionProperties) = preSolution
		HideSolutionNode = FALSE
	EndGlobalSection
EndGlobal
