
Microsoft Visual Studio Solution File, Format Version 12.00
# Visual Studio 2012
Project("{8BC9CEB8-8B4A-11D0-8D11-00A0C91BC942}") = "Pro237", "Pro237\Pro237.vcxproj", "{2D43B4EA-0C7E-4BC1-B991-34D06C9D6AF4}"
EndProject
Global
	GlobalSection(SolutionConfigurationPlatforms) = preSolution
		Debug|Win32 = Debug|Win32
		Release|Win32 = Release|Win32
	EndGlobalSection
	GlobalSection(ProjectConfigurationPlatforms) = postSolution
		{2D43B4EA-0C7E-4BC1-B991-34D06C9D6AF4}.Debug|Win32.ActiveCfg = Debug|Win32
		{2D43B4EA-0C7E-4BC1-B991-34D06C9D6AF4}.Debug|Win32.Build.0 = Debug|Win32
		{2D43B4EA-0C7E-4BC1-B991-34D06C9D6AF4}.Release|Win32.ActiveCfg = Release|Win32
		{2D43B4EA-0C7E-4BC1-B991-34D06C9D6AF4}.Release|Win32.Build.0 = Release|Win32
	EndGlobalSection
	GlobalSection(SolutionProperties) = preSolution
		HideSolutionNode = FALSE
	EndGlobalSection
EndGlobal
