<?xml version="1.0" encoding="utf-8"?>
<Project ToolsVersion="4.0" xmlns="http://schemas.microsoft.com/developer/msbuild/2003">
  <ItemGroup>
    <Filter Include="源文件">
      <UniqueIdentifier>{4FC737F1-C7A5-4376-A066-2A32D752A2FF}</UniqueIdentifier>
      <Extensions>cpp;c;cc;cxx;def;odl;idl;hpj;bat;asm;asmx</Extensions>
    </Filter>
    <Filter Include="头文件">
      <UniqueIdentifier>{93995380-89BD-4b04-88EB-625FBE52EBFB}</UniqueIdentifier>
      <Extensions>h;hh;hpp;hxx;hm;inl;inc;xsd</Extensions>
    </Filter>
    <Filter Include="资源文件">
      <UniqueIdentifier>{67DA6AB6-F800-4c08-8B7A-83BB121AAD01}</UniqueIdentifier>
      <Extensions>rc;ico;cur;bmp;dlg;rc2;rct;bin;rgs;gif;jpg;jpeg;jpe;resx;tiff;tif;png;wav;mfcribbon-ms</Extensions>
    </Filter>
  </ItemGroup>
  <ItemGroup>
    <ClCompile Include="318.cpp">
      <Filter>源文件</Filter>
    </ClCompile>
    <ClCompile Include="322.cpp">
      <Filter>源文件</Filter>
    </ClCompile>
    <ClCompile Include="324.cpp">
      <Filter>源文件</Filter>
    </ClCompile>
    <ClCompile Include="367.cpp">
      <Filter>源文件</Filter>
    </ClCompile>
    <ClCompile Include="383.cpp">
      <Filter>源文件</Filter>
    </ClCompile>
    <ClCompile Include="42.cpp">
      <Filter>源文件</Filter>
    </ClCompile>
    <ClCompile Include="191.cpp">
      <Filter>源文件</Filter>
    </ClCompile>
    <ClCompile Include="200.cpp">
      <Filter>源文件</Filter>
    </ClCompile>
    <ClCompile Include="221.cpp">
      <Filter>源文件</Filter>
    </ClCompile>
    <ClCompile Include="85.cpp">
      <Filter>源文件</Filter>
    </ClCompile>
    <ClCompile Include="84.cpp">
      <Filter>源文件</Filter>
    </ClCompile>
    <ClCompile Include="38.cpp">
      <Filter>源文件</Filter>
    </ClCompile>
    <ClCompile Include="394.cpp">
      <Filter>源文件</Filter>
    </ClCompile>
    <ClCompile Include="4.cpp">
      <Filter>源文件</Filter>
    </ClCompile>
    <ClCompile Include="153.cpp">
      <Filter>源文件</Filter>
    </ClCompile>
    <ClCompile Include="33.cpp">
      <Filter>源文件</Filter>
    </ClCompile>
    <ClCompile Include="154.cpp">
      <Filter>源文件</Filter>
    </ClCompile>
    <ClCompile Include="81.cpp">
      <Filter>源文件</Filter>
    </ClCompile>
    <ClCompile Include="78.cpp">
      <Filter>源文件</Filter>
    </ClCompile>
    <ClCompile Include="90.cpp">
      <Filter>源文件</Filter>
    </ClCompile>
    <ClCompile Include="110.cpp">
      <Filter>源文件</Filter>
    </ClCompile>
    <ClCompile Include="228.cpp">
      <Filter>源文件</Filter>
    </ClCompile>
    <ClCompile Include="352.cpp">
      <Filter>源文件</Filter>
    </ClCompile>
    <ClCompile Include="62.cpp">
      <Filter>源文件</Filter>
    </ClCompile>
    <ClCompile Include="63.cpp">
      <Filter>源文件</Filter>
    </ClCompile>
    <ClCompile Include="64.cpp">
      <Filter>源文件</Filter>
    </ClCompile>
    <ClCompile Include="39.cpp">
      <Filter>源文件</Filter>
    </ClCompile>
    <ClCompile Include="40.cpp">
      <Filter>源文件</Filter>
    </ClCompile>
    <ClCompile Include="216.cpp">
      <Filter>源文件</Filter>
    </ClCompile>
    <ClCompile Include="77.cpp">
      <Filter>源文件</Filter>
    </ClCompile>
    <ClCompile Include="377.cpp">
      <Filter>源文件</Filter>
    </ClCompile>
    <ClCompile Include="303.cpp">
      <Filter>源文件</Filter>
    </ClCompile>
    <ClCompile Include="304.cpp">
      <Filter>源文件</Filter>
    </ClCompile>
    <ClCompile Include="307.cpp">
      <Filter>源文件</Filter>
    </ClCompile>
    <ClCompile Include="46.cpp">
      <Filter>源文件</Filter>
    </ClCompile>
    <ClCompile Include="47.cpp">
      <Filter>源文件</Filter>
    </ClCompile>
    <ClCompile Include="31.cpp">
      <Filter>源文件</Filter>
    </ClCompile>
    <ClCompile Include="60.cpp">
      <Filter>源文件</Filter>
    </ClCompile>
    <ClCompile Include="93.cpp">
      <Filter>源文件</Filter>
    </ClCompile>
    <ClCompile Include="151.cpp">
      <Filter>源文件</Filter>
    </ClCompile>
    <ClCompile Include="232.cpp">
      <Filter>源文件</Filter>
    </ClCompile>
    <ClCompile Include="225.cpp">
      <Filter>源文件</Filter>
    </ClCompile>
    <ClCompile Include="402.cpp">
      <Filter>源文件</Filter>
    </ClCompile>
    <ClCompile Include="321.cpp">
      <Filter>源文件</Filter>
    </ClCompile>
    <ClCompile Include="165.cpp">
      <Filter>源文件</Filter>
    </ClCompile>
    <ClCompile Include="387.cpp">
      <Filter>源文件</Filter>
    </ClCompile>
    <ClCompile Include="55.cpp">
      <Filter>源文件</Filter>
    </ClCompile>
    <ClCompile Include="79.cpp">
      <Filter>源文件</Filter>
    </ClCompile>
    <ClCompile Include="hulu.cpp">
      <Filter>源文件</Filter>
    </ClCompile>
    <ClCompile Include="indeed1010.cpp">
      <Filter>源文件</Filter>
    </ClCompile>
    <ClCompile Include="prim.cpp">
      <Filter>源文件</Filter>
    </ClCompile>
    <ClCompile Include="MS2.cpp">
      <Filter>源文件</Filter>
    </ClCompile>
    <ClCompile Include="MS1.cpp">
      <Filter>源文件</Filter>
    </ClCompile>
    <ClCompile Include="212.cpp">
      <Filter>源文件</Filter>
    </ClCompile>
    <ClCompile Include="134.cpp">
      <Filter>源文件</Filter>
    </ClCompile>
    <ClCompile Include="390.cpp">
      <Filter>源文件</Filter>
    </ClCompile>
    <ClCompile Include="409.cpp">
      <Filter>源文件</Filter>
    </ClCompile>
    <ClCompile Include="WAPexam2.cpp">
      <Filter>源文件</Filter>
    </ClCompile>
    <ClCompile Include="100.cpp">
      <Filter>源文件</Filter>
    </ClCompile>
    <ClCompile Include="235236.cpp">
      <Filter>源文件</Filter>
    </ClCompile>
    <ClCompile Include="230.cpp">
      <Filter>源文件</Filter>
    </ClCompile>
    <ClCompile Include="102.cpp">
      <Filter>源文件</Filter>
    </ClCompile>
    <ClCompile Include="207.cpp">
      <Filter>源文件</Filter>
    </ClCompile>
    <ClCompile Include="210.cpp">
      <Filter>源文件</Filter>
    </ClCompile>
    <ClCompile Include="310.cpp">
      <Filter>源文件</Filter>
    </ClCompile>
    <ClCompile Include="sogou.cpp">
      <Filter>源文件</Filter>
    </ClCompile>
    <ClCompile Include="indeed01.cpp">
      <Filter>源文件</Filter>
    </ClCompile>
    <ClCompile Include="indeed02.cpp">
      <Filter>源文件</Filter>
    </ClCompile>
    <ClCompile Include="indeed03.cpp">
      <Filter>源文件</Filter>
    </ClCompile>
    <ClCompile Include="indeed04.cpp">
      <Filter>源文件</Filter>
    </ClCompile>
    <ClCompile Include="iqiyi01.cpp">
      <Filter>源文件</Filter>
    </ClCompile>
    <ClCompile Include="34.cpp">
      <Filter>源文件</Filter>
    </ClCompile>
    <ClCompile Include="331.cpp">
      <Filter>源文件</Filter>
    </ClCompile>
    <ClCompile Include="89.cpp">
      <Filter>源文件</Filter>
    </ClCompile>
    <ClCompile Include="53.cpp">
      <Filter>源文件</Filter>
    </ClCompile>
    <ClCompile Include="152.cpp">
      <Filter>源文件</Filter>
    </ClCompile>
    <ClCompile Include="198213337.cpp">
      <Filter>源文件</Filter>
    </ClCompile>
    <ClCompile Include="375.cpp">
      <Filter>源文件</Filter>
    </ClCompile>
    <ClCompile Include="17.cpp">
      <Filter>源文件</Filter>
    </ClCompile>
    <ClCompile Include="401.cpp">
      <Filter>源文件</Filter>
    </ClCompile>
    <ClCompile Include="12.cpp">
      <Filter>源文件</Filter>
    </ClCompile>
    <ClCompile Include="273.cpp">
      <Filter>源文件</Filter>
    </ClCompile>
    <ClCompile Include="300.cpp">
      <Filter>源文件</Filter>
    </ClCompile>
    <ClCompile Include="334.cpp">
      <Filter>源文件</Filter>
    </ClCompile>
    <ClCompile Include="kuaishou.cpp">
      <Filter>源文件</Filter>
    </ClCompile>
    <ClCompile Include="74.cpp">
      <Filter>源文件</Filter>
    </ClCompile>
    <ClCompile Include="103.cpp">
      <Filter>源文件</Filter>
    </ClCompile>
    <ClCompile Include="240.cpp">
      <Filter>源文件</Filter>
    </ClCompile>
    <ClCompile Include="71.cpp">
      <Filter>源文件</Filter>
    </ClCompile>
    <ClCompile Include="222.cpp">
      <Filter>源文件</Filter>
    </ClCompile>
    <ClCompile Include="336.cpp">
      <Filter>源文件</Filter>
    </ClCompile>
    <ClCompile Include="5.cpp">
      <Filter>源文件</Filter>
    </ClCompile>
    <ClCompile Include="leetcodeskype.cpp">
      <Filter>源文件</Filter>
    </ClCompile>
    <ClCompile Include="215.cpp">
      <Filter>源文件</Filter>
    </ClCompile>
    <ClCompile Include="347.cpp">
      <Filter>源文件</Filter>
    </ClCompile>
    <ClCompile Include="414.cpp">
      <Filter>源文件</Filter>
    </ClCompile>
    <ClCompile Include="59.cpp">
      <Filter>源文件</Filter>
    </ClCompile>
    <ClCompile Include="54.cpp">
      <Filter>源文件</Filter>
    </ClCompile>
    <ClCompile Include="441.cpp">
      <Filter>源文件</Filter>
    </ClCompile>
    <ClCompile Include="287.cpp">
      <Filter>源文件</Filter>
    </ClCompile>
    <ClCompile Include="141.cpp">
      <Filter>源文件</Filter>
    </ClCompile>
    <ClCompile Include="447.cpp">
      <Filter>源文件</Filter>
    </ClCompile>
    <ClCompile Include="459.cpp">
      <Filter>源文件</Filter>
    </ClCompile>
    <ClCompile Include="28.cpp">
      <Filter>源文件</Filter>
    </ClCompile>
    <ClCompile Include="214.cpp">
      <Filter>源文件</Filter>
    </ClCompile>
    <ClCompile Include="131.cpp">
      <Filter>源文件</Filter>
    </ClCompile>
    <ClCompile Include="132.cpp">
      <Filter>源文件</Filter>
    </ClCompile>
    <ClCompile Include="32.cpp">
      <Filter>源文件</Filter>
    </ClCompile>
    <ClCompile Include="27.cpp">
      <Filter>源文件</Filter>
    </ClCompile>
    <ClCompile Include="43.cpp">
      <Filter>源文件</Filter>
    </ClCompile>
    <ClCompile Include="415.cpp">
      <Filter>源文件</Filter>
    </ClCompile>
    <ClCompile Include="413446.cpp">
      <Filter>源文件</Filter>
    </ClCompile>
    <ClCompile Include="168.cpp">
      <Filter>源文件</Filter>
    </ClCompile>
    <ClCompile Include="423.cpp">
      <Filter>源文件</Filter>
    </ClCompile>
    <ClCompile Include="453.cpp">
      <Filter>源文件</Filter>
    </ClCompile>
    <ClCompile Include="223.cpp">
      <Filter>源文件</Filter>
    </ClCompile>
    <ClCompile Include="96.cpp">
      <Filter>源文件</Filter>
    </ClCompile>
    <ClCompile Include="241.cpp">
      <Filter>源文件</Filter>
    </ClCompile>
    <ClCompile Include="211.cpp">
      <Filter>源文件</Filter>
    </ClCompile>
    <ClCompile Include="3.cpp">
      <Filter>源文件</Filter>
    </ClCompile>
    <ClCompile Include="06.cpp">
      <Filter>源文件</Filter>
    </ClCompile>
    <ClCompile Include="11.cpp">
      <Filter>源文件</Filter>
    </ClCompile>
    <ClCompile Include="19.cpp">
      <Filter>源文件</Filter>
    </ClCompile>
    <ClCompile Include="82.cpp">
      <Filter>源文件</Filter>
    </ClCompile>
    <ClCompile Include="234.cpp">
      <Filter>源文件</Filter>
    </ClCompile>
    <ClCompile Include="92.cpp">
      <Filter>源文件</Filter>
    </ClCompile>
  </ItemGroup>
</Project>